// !$*UTF8*$!
{
	archiveVersion = 1;
	classes = {
	};
	objectVersion = 50;
	objects = {

/* Begin PBXBuildFile section */
		108699BA22456B0500FEE01B /* AppDelegate.swift in Sources */ = {isa = PBXBuildFile; fileRef = 108699B922456B0500FEE01B /* AppDelegate.swift */; };
		108699BC22456B0500FEE01B /* ViewController.swift in Sources */ = {isa = PBXBuildFile; fileRef = 108699BB22456B0500FEE01B /* ViewController.swift */; };
		108699BF22456B0500FEE01B /* Main.storyboard in Resources */ = {isa = PBXBuildFile; fileRef = 108699BD22456B0500FEE01B /* Main.storyboard */; };
		108699C122456B0600FEE01B /* Assets.xcassets in Resources */ = {isa = PBXBuildFile; fileRef = 108699C022456B0600FEE01B /* Assets.xcassets */; };
		108699C422456B0600FEE01B /* LaunchScreen.storyboard in Resources */ = {isa = PBXBuildFile; fileRef = 108699C222456B0600FEE01B /* LaunchScreen.storyboard */; };
		108699CF22456CAC00FEE01B /* kremlin.jpg in Resources */ = {isa = PBXBuildFile; fileRef = 108699CB22456CAC00FEE01B /* kremlin.jpg */; };
		108699D022456CAC00FEE01B /* greatwall.jpg in Resources */ = {isa = PBXBuildFile; fileRef = 108699CC22456CAC00FEE01B /* greatwall.jpg */; };
		108699D122456CAC00FEE01B /* stonehenge.jpg in Resources */ = {isa = PBXBuildFile; fileRef = 108699CD22456CAC00FEE01B /* stonehenge.jpg */; };
		108699D222456CAC00FEE01B /* tajmahal.jpg in Resources */ = {isa = PBXBuildFile; fileRef = 108699CE22456CAC00FEE01B /* tajmahal.jpg */; };
		108699D5224570A100FEE01B /* ImageViewController.swift in Sources */ = {isa = PBXBuildFile; fileRef = 108699D4224570A100FEE01B /* ImageViewController.swift */; };
/* End PBXBuildFile section */

/* Begin PBXFileReference section */
		108699B622456B0500FEE01B /* LandMark.app */ = {isa = PBXFileReference; explicitFileType = wrapper.application; includeInIndex = 0; path = LandMark.app; sourceTree = BUILT_PRODUCTS_DIR; };
		108699B922456B0500FEE01B /* AppDelegate.swift */ = {isa = PBXFileReference; lastKnownFileType = sourcecode.swift; path = AppDelegate.swift; sourceTree = "<group>"; };
		108699BB22456B0500FEE01B /* ViewController.swift */ = {isa = PBXFileReference; lastKnownFileType = sourcecode.swift; path = ViewController.swift; sourceTree = "<group>"; };
		108699BE22456B0500FEE01B /* Base */ = {isa = PBXFileReference; lastKnownFileType = file.storyboard; name = Base; path = Base.lproj/Main.storyboard; sourceTree = "<group>"; };
		108699C022456B0600FEE01B /* Assets.xcassets */ = {isa = PBXFileReference; lastKnownFileType = folder.assetcatalog; path = Assets.xcassets; sourceTree = "<group>"; };
		108699C322456B0600FEE01B /* Base */ = {isa = PBXFileReference; lastKnownFileType = file.storyboard; name = Base; path = Base.lproj/LaunchScreen.storyboard; sourceTree = "<group>"; };
		108699C522456B0600FEE01B /* Info.plist */ = {isa = PBXFileReference; lastKnownFileType = text.plist.xml; path = Info.plist; sourceTree = "<group>"; };
		108699CB22456CAC00FEE01B /* kremlin.jpg */ = {isa = PBXFileReference; lastKnownFileType = image.jpeg; path = kremlin.jpg; sourceTree = "<group>"; };
		108699CC22456CAC00FEE01B /* greatwall.jpg */ = {isa = PBXFileReference; lastKnownFileType = image.jpeg; path = greatwall.jpg; sourceTree = "<group>"; };
		108699CD22456CAC00FEE01B /* stonehenge.jpg */ = {isa = PBXFileReference; lastKnownFileType = image.jpeg; path = stonehenge.jpg; sourceTree = "<group>"; };
		108699CE22456CAC00FEE01B /* tajmahal.jpg */ = {isa = PBXFileReference; lastKnownFileType = image.jpeg; path = tajmahal.jpg; sourceTree = "<group>"; };
		108699D4224570A100FEE01B /* ImageViewController.swift */ = {isa = PBXFileReference; lastKnownFileType = sourcecode.swift; path = ImageViewController.swift; sourceTree = "<group>"; };
/* End PBXFileReference section */

/* Begin PBXFrameworksBuildPhase section */
		108699B322456B0500FEE01B /* Frameworks */ = {
			isa = PBXFrameworksBuildPhase;
			buildActionMask = 2147483647;
			files = (
			);
			runOnlyForDeploymentPostprocessing = 0;
		};
/* End PBXFrameworksBuildPhase section */

/* Begin PBXGroup section */
		108699AD22456B0500FEE01B = {
			isa = PBXGroup;
			children = (
				108699B822456B0500FEE01B /* LandMark */,
				108699B722456B0500FEE01B /* Products */,
			);
			sourceTree = "<group>";
		};
		108699B722456B0500FEE01B /* Products */ = {
			isa = PBXGroup;
			children = (
				108699B622456B0500FEE01B /* LandMark.app */,
			);
			name = Products;
			sourceTree = "<group>";
		};
		108699B822456B0500FEE01B /* LandMark */ = {
			isa = PBXGroup;
			children = (
				108699D322456CBA00FEE01B /* Images */,
				108699B922456B0500FEE01B /* AppDelegate.swift */,
				108699D4224570A100FEE01B /* ImageViewController.swift */,
				108699BB22456B0500FEE01B /* ViewController.swift */,
				108699BD22456B0500FEE01B /* Main.storyboard */,
				108699C022456B0600FEE01B /* Assets.xcassets */,
				108699C222456B0600FEE01B /* LaunchScreen.storyboard */,
				108699C522456B0600FEE01B /* Info.plist */,
			);
			path = LandMark;
			sourceTree = "<group>";
		};
		108699D322456CBA00FEE01B /* Images */ = {
			isa = PBXGroup;
			children = (
				108699CC22456CAC00FEE01B /* greatwall.jpg */,
				108699CB22456CAC00FEE01B /* kremlin.jpg */,
				108699CD22456CAC00FEE01B /* stonehenge.jpg */,
				108699CE22456CAC00FEE01B /* tajmahal.jpg */,
			);
			path = Images;
			sourceTree = "<group>";
		};
/* End PBXGroup section */

/* Begin PBXNativeTarget section */
		108699B522456B0500FEE01B /* LandMark */ = {
			isa = PBXNativeTarget;
			buildConfigurationList = 108699C822456B0600FEE01B /* Build configuration list for PBXNativeTarget "LandMark" */;
			buildPhases = (
				108699B222456B0500FEE01B /* Sources */,
				108699B322456B0500FEE01B /* Frameworks */,
				108699B422456B0500FEE01B /* Resources */,
			);
			buildRules = (
			);
			dependencies = (
			);
			name = LandMark;
			productName = LandMark;
			productReference = 108699B622456B0500FEE01B /* LandMark.app */;
			productType = "com.apple.product-type.application";
		};
/* End PBXNativeTarget section */

/* Begin PBXProject section */
		108699AE22456B0500FEE01B /* Project object */ = {
			isa = PBXProject;
			attributes = {
				LastSwiftUpdateCheck = 1010;
				LastUpgradeCheck = 1010;
				ORGANIZATIONNAME = "Mehmet Doğukan Sevinç";
				TargetAttributes = {
					108699B522456B0500FEE01B = {
						CreatedOnToolsVersion = 10.1;
					};
				};
			};
			buildConfigurationList = 108699B122456B0500FEE01B /* Build configuration list for PBXProject "LandMark" */;
			compatibilityVersion = "Xcode 9.3";
			developmentRegion = en;
			hasScannedForEncodings = 0;
			knownRegions = (
				en,
				Base,
			);
			mainGroup = 108699AD22456B0500FEE01B;
			productRefGroup = 108699B722456B0500FEE01B /* Products */;
			projectDirPath = "";
			projectRoot = "";
			targets = (
				108699B522456B0500FEE01B /* LandMark */,
			);
		};
/* End PBXProject section */

/* Begin PBXResourcesBuildPhase section */
		108699B422456B0500FEE01B /* Resources */ = {
			isa = PBXResourcesBuildPhase;
			buildActionMask = 2147483647;
			files = (
				108699D022456CAC00FEE01B /* greatwall.jpg in Resources */,
				108699D122456CAC00FEE01B /* stonehenge.jpg in Resources */,
				108699CF22456CAC00FEE01B /* kremlin.jpg in Resources */,
				108699D222456CAC00FEE01B /* tajmahal.jpg in Resources */,
				108699C422456B0600FEE01B /* LaunchScreen.storyboard in Resources */,
				108699C122456B0600FEE01B /* Assets.xcassets in Resources */,
				108699BF22456B0500FEE01B /* Main.storyboard in Resources */,
			);
			runOnlyForDeploymentPostprocessing = 0;
		};
/* End PBXResourcesBuildPhase section */

/* Begin PBXSourcesBuildPhase section */
		108699B222456B0500FEE01B /* Sources */ = {
			isa = PBXSourcesBuildPhase;
			buildActionMask = 2147483647;
			files = (
				108699BC22456B0500FEE01B /* ViewController.swift in Sources */,
				108699D5224570A100FEE01B /* ImageViewController.swift in Sources */,
				108699BA22456B0500FEE01B /* AppDelegate.swift in Sources */,
			);
			runOnlyForDeploymentPostprocessing = 0;
		};
/* End PBXSourcesBuildPhase section */

/* Begin PBXVariantGroup section */
		108699BD22456B0500FEE01B /* Main.storyboard */ = {
			isa = PBXVariantGroup;
			children = (
				108699BE22456B0500FEE01B /* Base */,
			);
			name = Main.storyboard;
			sourceTree = "<group>";
		};
		108699C222456B0600FEE01B /* LaunchScreen.storyboard */ = {
			isa = PBXVariantGroup;
			children = (
				108699C322456B0600FEE01B /* Base */,
			);
			name = LaunchScreen.storyboard;
			sourceTree = "<group>";
		};
/* End PBXVariantGroup section */

/* Begin XCBuildConfiguration section */
		108699C622456B0600FEE01B /* Debug */ = {
			isa = XCBuildConfiguration;
			buildSettings = {
				ALWAYS_SEARCH_USER_PATHS = NO;
				CLANG_ANALYZER_NONNULL = YES;
				CLANG_ANALYZER_NUMBER_OBJECT_CONVERSION = YES_AGGRESSIVE;
				CLANG_CXX_LANGUAGE_STANDARD = "gnu++14";
				CLANG_CXX_LIBRARY = "libc++";
				CLANG_ENABLE_MODULES = YES;
				CLANG_ENABLE_OBJC_ARC = YES;
				CLANG_ENABLE_OBJC_WEAK = YES;
				CLANG_WARN_BLOCK_CAPTURE_AUTORELEASING = YES;
				CLANG_WARN_BOOL_CONVERSION = YES;
				CLANG_WARN_COMMA = YES;
				CLANG_WARN_CONSTANT_CONVERSION = YES;
				CLANG_WARN_DEPRECATED_OBJC_IMPLEMENTATIONS = YES;
				CLANG_WARN_DIRECT_OBJC_ISA_USAGE = YES_ERROR;
				CLANG_WARN_DOCUMENTATION_COMMENTS = YES;
				CLANG_WARN_EMPTY_BODY = YES;
				CLANG_WARN_ENUM_CONVERSION = YES;
				CLANG_WARN_INFINITE_RECURSION = YES;
				CLANG_WARN_INT_CONVERSION = YES;
				CLANG_WARN_NON_LITERAL_NULL_CONVERSION = YES;
				CLANG_WARN_OBJC_IMPLICIT_RETAIN_SELF = YES;
				CLANG_WARN_OBJC_LITERAL_CONVERSION = YES;
				CLANG_WARN_OBJC_ROOT_CLASS = YES_ERROR;
				CLANG_WARN_RANGE_LOOP_ANALYSIS = YES;
				CLANG_WARN_STRICT_PROTOTYPES = YES;
				CLANG_WARN_SUSPICIOUS_MOVE = YES;
				CLANG_WARN_UNGUARDED_AVAILABILITY = YES_AGGRESSIVE;
				CLANG_WARN_UNREACHABLE_CODE = YES;
				CLANG_WARN__DUPLICATE_METHOD_MATCH = YES;
				CODE_SIGN_IDENTITY = "iPhone Developer";
				COPY_PHASE_STRIP = NO;
				DEBUG_INFORMATION_FORMAT = dwarf;
				ENABLE_STRICT_OBJC_MSGSEND = YES;
				ENABLE_TESTABILITY = YES;
				GCC_C_LANGUAGE_STANDARD = gnu11;
				GCC_DYNAMIC_NO_PIC = NO;
				GCC_NO_COMMON_BLOCKS = YES;
				GCC_OPTIMIZATION_LEVEL = 0;
				GCC_PREPROCESSOR_DEFINITIONS = (
					"DEBUG=1",
					"$(inherited)",
				);
				GCC_WARN_64_TO_32_BIT_CONVERSION = YES;
				GCC_WARN_ABOUT_RETURN_TYPE = YES_ERROR;
				GCC_WARN_UNDECLARED_SELECTOR = YES;
				GCC_WARN_UNINITIALIZED_AUTOS = YES_AGGRESSIVE;
				GCC_WARN_UNUSED_FUNCTION = YES;
				GCC_WARN_UNUSED_VARIABLE = YES;
				IPHONEOS_DEPLOYMENT_TARGET = 12.1;
				MTL_ENABLE_DEBUG_INFO = INCLUDE_SOURCE;
				MTL_FAST_MATH = YES;
				ONLY_ACTIVE_ARCH = YES;
				SDKROOT = iphoneos;
				SWIFT_ACTIVE_COMPILATION_CONDITIONS = DEBUG;
				SWIFT_OPTIMIZATION_LEVEL = "-Onone";
			};
			name = Debug;
		};
		108699C722456B0600FEE01B /* Release */ = {
			isa = XCBuildConfiguration;
			buildSettings = {
				ALWAYS_SEARCH_USER_PATHS = NO;
				CLANG_ANALYZER_NONNULL = YES;
				CLANG_ANALYZER_NUMBER_OBJECT_CONVERSION = YES_AGGRESSIVE;
				CLANG_CXX_LANGUAGE_STANDARD = "gnu++14";
				CLANG_CXX_LIBRARY = "libc++";
				CLANG_ENABLE_MODULES = YES;
				CLANG_ENABLE_OBJC_ARC = YES;
				CLANG_ENABLE_OBJC_WEAK = YES;
				CLANG_WARN_BLOCK_CAPTURE_AUTORELEASING = YES;
				CLANG_WARN_BOOL_CONVERSION = YES;
				CLANG_WARN_COMMA = YES;
				CLANG_WARN_CONSTANT_CONVERSION = YES;
				CLANG_WARN_DEPRECATED_OBJC_IMPLEMENTATIONS = YES;
				CLANG_WARN_DIRECT_OBJC_ISA_USAGE = YES_ERROR;
				CLANG_WARN_DOCUMENTATION_COMMENTS = YES;
				CLANG_WARN_EMPTY_BODY = YES;
				CLANG_WARN_ENUM_CONVERSION = YES;
				CLANG_WARN_INFINITE_RECURSION = YES;
				CLANG_WARN_INT_CONVERSION = YES;
				CLANG_WARN_NON_LITERAL_NULL_CONVERSION = YES;
				CLANG_WARN_OBJC_IMPLICIT_RETAIN_SELF = YES;
				CLANG_WARN_OBJC_LITERAL_CONVERSION = YES;
				CLANG_WARN_OBJC_ROOT_CLASS = YES_ERROR;
				CLANG_WARN_RANGE_LOOP_ANALYSIS = YES;
				CLANG_WARN_STRICT_PROTOTYPES = YES;
				CLANG_WARN_SUSPICIOUS_MOVE = YES;
				CLANG_WARN_UNGUARDED_AVAILABILITY = YES_AGGRESSIVE;
				CLANG_WARN_UNREACHABLE_CODE = YES;
				CLANG_WARN__DUPLICATE_METHOD_MATCH = YES;
				CODE_SIGN_IDENTITY = "iPhone Developer";
				COPY_PHASE_STRIP = NO;
				DEBUG_INFORMATION_FORMAT = "dwarf-with-dsym";
				ENABLE_NS_ASSERTIONS = NO;
				ENABLE_STRICT_OBJC_MSGSEND = YES;
				GCC_C_LANGUAGE_STANDARD = gnu11;
				GCC_NO_COMMON_BLOCKS = YES;
				GCC_WARN_64_TO_32_BIT_CONVERSION = YES;
				GCC_WARN_ABOUT_RETURN_TYPE = YES_ERROR;
				GCC_WARN_UNDECLARED_SELECTOR = YES;
				GCC_WARN_UNINITIALIZED_AUTOS = YES_AGGRESSIVE;
				GCC_WARN_UNUSED_FUNCTION = YES;
				GCC_WARN_UNUSED_VARIABLE = YES;
				IPHONEOS_DEPLOYMENT_TARGET = 12.1;
				MTL_ENABLE_DEBUG_INFO = NO;
				MTL_FAST_MATH = YES;
				SDKROOT = iphoneos;
				SWIFT_COMPILATION_MODE = wholemodule;
				SWIFT_OPTIMIZATION_LEVEL = "-O";
				VALIDATE_PRODUCT = YES;
			};
			name = Release;
		};
		108699C922456B0600FEE01B /* Debug */ = {
			isa = XCBuildConfiguration;
			buildSettings = {
				ASSETCATALOG_COMPILER_APPICON_NAME = AppIcon;
				CODE_SIGN_STYLE = Automatic;
				INFOPLIST_FILE = LandMark/Info.plist;
				LD_RUNPATH_SEARCH_PATHS = (
					"$(inherited)",
					"@executable_path/Frameworks",
				);
				PRODUCT_BUNDLE_IDENTIFIER = com.mehmetdogukan.LandMark;
				PRODUCT_NAME = "$(TARGET_NAME)";
				SWIFT_VERSION = 4.2;
				TARGETED_DEVICE_FAMILY = "1,2";
			};
			name = Debug;
		};
		108699CA22456B0600FEE01B /* Release */ = {
			isa = XCBuildConfiguration;
			buildSettings = {
				ASSETCATALOG_COMPILER_APPICON_NAME = AppIcon;
				CODE_SIGN_STYLE = Automatic;
				INFOPLIST_FILE = LandMark/Info.plist;
				LD_RUNPATH_SEARCH_PATHS = (
					"$(inherited)",
					"@executable_path/Frameworks",
				);
				PRODUCT_BUNDLE_IDENTIFIER = com.mehmetdogukan.LandMark;
				PRODUCT_NAME = "$(TARGET_NAME)";
				SWIFT_VERSION = 4.2;
				TARGETED_DEVICE_FAMILY = "1,2";
			};
			name = Release;
		};
/* End XCBuildConfiguration section */

/* Begin XCConfigurationList section */
		108699B122456B0500FEE01B /* Build configuration list for PBXProject "LandMark" */ = {
			isa = XCConfigurationList;
			buildConfigurations = (
				108699C622456B0600FEE01B /* Debug */,
				108699C722456B0600FEE01B /* Release */,
			);
			defaultConfigurationIsVisible = 0;
			defaultConfigurationName = Release;
		};
		108699C822456B0600FEE01B /* Build configuration list for PBXNativeTarget "LandMark" */ = {
			isa = XCConfigurationList;
			buildConfigurations = (
				108699C922456B0600FEE01B /* Debug */,
				108699CA22456B0600FEE01B /* Release */,
			);
			defaultConfigurationIsVisible = 0;
			defaultConfigurationName = Release;
		};
/* End XCConfigurationList section */
	};
	rootObject = 108699AE22456B0500FEE01B /* Project object */;
}
